
Microsoft Visual Studio Solution File, Format Version 12.00
# Visual Studio Version 17
VisualStudioVersion = 17.3.32811.315
MinimumVisualStudioVersion = 10.0.40219.1
Project("{FAE04EC0-301F-11D3-BF4B-00C04F79EFBC}") = "BrechoOnline", "BrechoOnline\BrechoOnline.csproj", "{BC343E0D-AEE1-4A50-B225-820BA267DB3A}"
EndProject
Global
	GlobalSection(SolutionConfigurationPlatforms) = preSolution
		Debug|Any CPU = Debug|Any CPU
		Release|Any CPU = Release|Any CPU
	EndGlobalSection
	GlobalSection(ProjectConfigurationPlatforms) = postSolution
		{BC343E0D-AEE1-4A50-B225-820BA267DB3A}.Debug|Any CPU.ActiveCfg = Debug|Any CPU
		{BC343E0D-AEE1-4A50-B225-820BA267DB3A}.Debug|Any CPU.Build.0 = Debug|Any CPU
		{BC343E0D-AEE1-4A50-B225-820BA267DB3A}.Release|Any CPU.ActiveCfg = Release|Any CPU
		{BC343E0D-AEE1-4A50-B225-820BA267DB3A}.Release|Any CPU.Build.0 = Release|Any CPU
	EndGlobalSection
	GlobalSection(SolutionProperties) = preSolution
		HideSolutionNode = FALSE
	EndGlobalSection
	GlobalSection(ExtensibilityGlobals) = postSolution
		SolutionGuid = {CEB52B9F-260A-48F1-B7A2-3B574847536F}
	EndGlobalSection
EndGlobal
